
Microsoft Visual Studio Solution File, Format Version 12.00
# Visual Studio Version 17
VisualStudioVersion = 17.4.33122.133
MinimumVisualStudioVersion = 10.0.40219.1
Project("{FAE04EC0-301F-11D3-BF4B-00C04F79EFBC}") = "documentation", "documentation\documentation.csproj", "{3FE80BC9-D83B-47A1-9932-6BC059C0CCE7}"
EndProject
Global
	GlobalSection(SolutionConfigurationPlatforms) = preSolution
		Debug|Any CPU = Debug|Any CPU
		Release|Any CPU = Release|Any CPU
	EndGlobalSection
	GlobalSection(ProjectConfigurationPlatforms) = postSolution
		{3FE80BC9-D83B-47A1-9932-6BC059C0CCE7}.Debug|Any CPU.ActiveCfg = Debug|Any CPU
		{3FE80BC9-D83B-47A1-9932-6BC059C0CCE7}.Debug|Any CPU.Build.0 = Debug|Any CPU
		{3FE80BC9-D83B-47A1-9932-6BC059C0CCE7}.Release|Any CPU.ActiveCfg = Release|Any CPU
		{3FE80BC9-D83B-47A1-9932-6BC059C0CCE7}.Release|Any CPU.Build.0 = Release|Any CPU
	EndGlobalSection
	GlobalSection(SolutionProperties) = preSolution
		HideSolutionNode = FALSE
	EndGlobalSection
	GlobalSection(ExtensibilityGlobals) = postSolution
		SolutionGuid = {848C9EF5-717F-41D5-A83B-CA8793C596C5}
	EndGlobalSection
EndGlobal
